<?xml version="1.0" encoding="utf-8"?>
<Project ToolsVersion="16.0" xmlns="http://schemas.microsoft.com/developer/msbuild/2003">
  <ItemGroup>
    <ClCompile Include="D:\github\bitcoinstats\src\Commands.cpp">
      <Filter>src</Filter>
    </ClCompile>
    <ClCompile Include="D:\github\bitcoinstats\src\InParser.cpp">
      <Filter>src</Filter>
    </ClCompile>
    <ClCompile Include="D:\github\bitcoinstats\src\InputLine.cpp">
      <Filter>src</Filter>
    </ClCompile>
    <ClCompile Include="D:\github\bitcoinstats\src\KeyValueDatabase.cpp">
      <Filter>src</Filter>
    </ClCompile>
    <ClCompile Include="D:\github\bitcoinstats\src\WakupThread.cpp">
      <Filter>src</Filter>
    </ClCompile>
    <ClCompile Include="D:\github\bitcoinstats\src\leveldb\db\builder.cc">
      <Filter>src\leveldb\db</Filter>
    </ClCompile>
    <ClCompile Include="D:\github\bitcoinstats\src\leveldb\db\c.cc">
      <Filter>src\leveldb\db</Filter>
    </ClCompile>
    <ClCompile Include="D:\github\bitcoinstats\src\leveldb\db\db_impl.cc">
      <Filter>src\leveldb\db</Filter>
    </ClCompile>
    <ClCompile Include="D:\github\bitcoinstats\src\leveldb\db\db_iter.cc">
      <Filter>src\leveldb\db</Filter>
    </ClCompile>
    <ClCompile Include="D:\github\bitcoinstats\src\leveldb\db\dbformat.cc">
      <Filter>src\leveldb\db</Filter>
    </ClCompile>
    <ClCompile Include="D:\github\bitcoinstats\src\leveldb\db\dumpfile.cc">
      <Filter>src\leveldb\db</Filter>
    </ClCompile>
    <ClCompile Include="D:\github\bitcoinstats\src\leveldb\db\filename.cc">
      <Filter>src\leveldb\db</Filter>
    </ClCompile>
    <ClCompile Include="D:\github\bitcoinstats\src\leveldb\db\log_reader.cc">
      <Filter>src\leveldb\db</Filter>
    </ClCompile>
    <ClCompile Include="D:\github\bitcoinstats\src\leveldb\db\log_writer.cc">
      <Filter>src\leveldb\db</Filter>
    </ClCompile>
    <ClCompile Include="D:\github\bitcoinstats\src\leveldb\db\memtable.cc">
      <Filter>src\leveldb\db</Filter>
    </ClCompile>
    <ClCompile Include="D:\github\bitcoinstats\src\leveldb\db\repair.cc">
      <Filter>src\leveldb\db</Filter>
    </ClCompile>
    <ClCompile Include="D:\github\bitcoinstats\src\leveldb\db\table_cache.cc">
      <Filter>src\leveldb\db</Filter>
    </ClCompile>
    <ClCompile Include="D:\github\bitcoinstats\src\leveldb\db\version_edit.cc">
      <Filter>src\leveldb\db</Filter>
    </ClCompile>
    <ClCompile Include="D:\github\bitcoinstats\src\leveldb\db\version_set.cc">
      <Filter>src\leveldb\db</Filter>
    </ClCompile>
    <ClCompile Include="D:\github\bitcoinstats\src\leveldb\db\write_batch.cc">
      <Filter>src\leveldb\db</Filter>
    </ClCompile>
    <ClCompile Include="D:\github\bitcoinstats\src\leveldb\table\block.cc">
      <Filter>src\leveldb\table</Filter>
    </ClCompile>
    <ClCompile Include="D:\github\bitcoinstats\src\leveldb\table\block_builder.cc">
      <Filter>src\leveldb\table</Filter>
    </ClCompile>
    <ClCompile Include="D:\github\bitcoinstats\src\leveldb\table\filter_block.cc">
      <Filter>src\leveldb\table</Filter>
    </ClCompile>
    <ClCompile Include="D:\github\bitcoinstats\src\leveldb\table\format.cc">
      <Filter>src\leveldb\table</Filter>
    </ClCompile>
    <ClCompile Include="D:\github\bitcoinstats\src\leveldb\table\iterator.cc">
      <Filter>src\leveldb\table</Filter>
    </ClCompile>
    <ClCompile Include="D:\github\bitcoinstats\src\leveldb\table\merger.cc">
      <Filter>src\leveldb\table</Filter>
    </ClCompile>
    <ClCompile Include="D:\github\bitcoinstats\src\leveldb\table\table.cc">
      <Filter>src\leveldb\table</Filter>
    </ClCompile>
    <ClCompile Include="D:\github\bitcoinstats\src\leveldb\table\table_builder.cc">
      <Filter>src\leveldb\table</Filter>
    </ClCompile>
    <ClCompile Include="D:\github\bitcoinstats\src\leveldb\table\two_level_iterator.cc">
      <Filter>src\leveldb\table</Filter>
    </ClCompile>
    <ClCompile Include="D:\github\bitcoinstats\src\leveldb\util\arena.cc">
      <Filter>src\leveldb\util</Filter>
    </ClCompile>
    <ClCompile Include="D:\github\bitcoinstats\src\leveldb\util\bloom.cc">
      <Filter>src\leveldb\util</Filter>
    </ClCompile>
    <ClCompile Include="D:\github\bitcoinstats\src\leveldb\util\cache.cc">
      <Filter>src\leveldb\util</Filter>
    </ClCompile>
    <ClCompile Include="D:\github\bitcoinstats\src\leveldb\util\coding.cc">
      <Filter>src\leveldb\util</Filter>
    </ClCompile>
    <ClCompile Include="D:\github\bitcoinstats\src\leveldb\util\comparator.cc">
      <Filter>src\leveldb\util</Filter>
    </ClCompile>
    <ClCompile Include="D:\github\bitcoinstats\src\leveldb\util\crc32c.cc">
      <Filter>src\leveldb\util</Filter>
    </ClCompile>
    <ClCompile Include="D:\github\bitcoinstats\src\leveldb\util\env.cc">
      <Filter>src\leveldb\util</Filter>
    </ClCompile>
    <ClCompile Include="D:\github\bitcoinstats\src\leveldb\util\env_windows.cc">
      <Filter>src\leveldb\util</Filter>
    </ClCompile>
    <ClCompile Include="D:\github\bitcoinstats\src\leveldb\util\filter_policy.cc">
      <Filter>src\leveldb\util</Filter>
    </ClCompile>
    <ClCompile Include="D:\github\bitcoinstats\src\leveldb\util\hash.cc">
      <Filter>src\leveldb\util</Filter>
    </ClCompile>
    <ClCompile Include="D:\github\bitcoinstats\src\leveldb\util\logging.cc">
      <Filter>src\leveldb\util</Filter>
    </ClCompile>
    <ClCompile Include="D:\github\bitcoinstats\src\leveldb\util\options.cc">
      <Filter>src\leveldb\util</Filter>
    </ClCompile>
    <ClCompile Include="D:\github\bitcoinstats\src\leveldb\util\status.cc">
      <Filter>src\leveldb\util</Filter>
    </ClCompile>
    <ClCompile Include="D:\github\bitcoinstats\src\snappy\snappy-c.cc">
      <Filter>src\snappy</Filter>
    </ClCompile>
    <ClCompile Include="D:\github\bitcoinstats\src\snappy\snappy-sinksource.cc">
      <Filter>src\snappy</Filter>
    </ClCompile>
    <ClCompile Include="D:\github\bitcoinstats\src\snappy\snappy.cc">
      <Filter>src\snappy</Filter>
    </ClCompile>
    <ClCompile Include="D:\github\bitcoinstats\src\sutil.cpp">
      <Filter>src</Filter>
    </ClCompile>
    <ClCompile Include="D:\github\bitcoinstats\src\wplatform.cpp">
      <Filter>src</Filter>
    </ClCompile>
    <ClCompile Include="D:\github\bitcoinstats\app\main.cpp">
      <Filter>app</Filter>
    </ClCompile>
  </ItemGroup>
  <ItemGroup>
    <ClInclude Include="D:\github\bitcoinstats\include\Commands.h">
      <Filter>include</Filter>
    </ClInclude>
    <ClInclude Include="D:\github\bitcoinstats\include\GetArgs.h">
      <Filter>include</Filter>
    </ClInclude>
    <ClInclude Include="D:\github\bitcoinstats\include\InParser.h">
      <Filter>include</Filter>
    </ClInclude>
    <ClInclude Include="D:\github\bitcoinstats\include\InputLine.h">
      <Filter>include</Filter>
    </ClInclude>
    <ClInclude Include="D:\github\bitcoinstats\include\KeyValueDatabase.h">
      <Filter>include</Filter>
    </ClInclude>
    <ClInclude Include="D:\github\bitcoinstats\include\StandardDeviation.h">
      <Filter>include</Filter>
    </ClInclude>
    <ClInclude Include="D:\github\bitcoinstats\include\WakeupThread.h">
      <Filter>include</Filter>
    </ClInclude>
    <ClInclude Include="D:\github\bitcoinstats\include\leveldb\c.h">
      <Filter>include\leveldb</Filter>
    </ClInclude>
    <ClInclude Include="D:\github\bitcoinstats\include\leveldb\cache.h">
      <Filter>include\leveldb</Filter>
    </ClInclude>
    <ClInclude Include="D:\github\bitcoinstats\include\leveldb\comparator.h">
      <Filter>include\leveldb</Filter>
    </ClInclude>
    <ClInclude Include="D:\github\bitcoinstats\include\leveldb\db.h">
      <Filter>include\leveldb</Filter>
    </ClInclude>
    <ClInclude Include="D:\github\bitcoinstats\include\leveldb\dumpfile.h">
      <Filter>include\leveldb</Filter>
    </ClInclude>
    <ClInclude Include="D:\github\bitcoinstats\include\leveldb\env.h">
      <Filter>include\leveldb</Filter>
    </ClInclude>
    <ClInclude Include="D:\github\bitcoinstats\include\leveldb\export.h">
      <Filter>include\leveldb</Filter>
    </ClInclude>
    <ClInclude Include="D:\github\bitcoinstats\include\leveldb\filter_policy.h">
      <Filter>include\leveldb</Filter>
    </ClInclude>
    <ClInclude Include="D:\github\bitcoinstats\include\leveldb\iterator.h">
      <Filter>include\leveldb</Filter>
    </ClInclude>
    <ClInclude Include="D:\github\bitcoinstats\include\leveldb\options.h">
      <Filter>include\leveldb</Filter>
    </ClInclude>
    <ClInclude Include="D:\github\bitcoinstats\include\leveldb\slice.h">
      <Filter>include\leveldb</Filter>
    </ClInclude>
    <ClInclude Include="D:\github\bitcoinstats\include\leveldb\status.h">
      <Filter>include\leveldb</Filter>
    </ClInclude>
    <ClInclude Include="D:\github\bitcoinstats\include\leveldb\table.h">
      <Filter>include\leveldb</Filter>
    </ClInclude>
    <ClInclude Include="D:\github\bitcoinstats\include\leveldb\table_builder.h">
      <Filter>include\leveldb</Filter>
    </ClInclude>
    <ClInclude Include="D:\github\bitcoinstats\include\leveldb\write_batch.h">
      <Filter>include\leveldb</Filter>
    </ClInclude>
    <ClInclude Include="D:\github\bitcoinstats\include\rand.h">
      <Filter>include</Filter>
    </ClInclude>
    <ClInclude Include="D:\github\bitcoinstats\include\rapidjson\allocators.h">
      <Filter>include\rapidjson</Filter>
    </ClInclude>
    <ClInclude Include="D:\github\bitcoinstats\include\rapidjson\cursorstreamwrapper.h">
      <Filter>include\rapidjson</Filter>
    </ClInclude>
    <ClInclude Include="D:\github\bitcoinstats\include\rapidjson\document.h">
      <Filter>include\rapidjson</Filter>
    </ClInclude>
    <ClInclude Include="D:\github\bitcoinstats\include\rapidjson\encodedstream.h">
      <Filter>include\rapidjson</Filter>
    </ClInclude>
    <ClInclude Include="D:\github\bitcoinstats\include\rapidjson\encodings.h">
      <Filter>include\rapidjson</Filter>
    </ClInclude>
    <ClInclude Include="D:\github\bitcoinstats\include\rapidjson\error\en.h">
      <Filter>include\rapidjson\error</Filter>
    </ClInclude>
    <ClInclude Include="D:\github\bitcoinstats\include\rapidjson\error\error.h">
      <Filter>include\rapidjson\error</Filter>
    </ClInclude>
    <ClInclude Include="D:\github\bitcoinstats\include\rapidjson\filereadstream.h">
      <Filter>include\rapidjson</Filter>
    </ClInclude>
    <ClInclude Include="D:\github\bitcoinstats\include\rapidjson\filewritestream.h">
      <Filter>include\rapidjson</Filter>
    </ClInclude>
    <ClInclude Include="D:\github\bitcoinstats\include\rapidjson\fwd.h">
      <Filter>include\rapidjson</Filter>
    </ClInclude>
    <ClInclude Include="D:\github\bitcoinstats\include\rapidjson\internal\biginteger.h">
      <Filter>include\rapidjson\internal</Filter>
    </ClInclude>
    <ClInclude Include="D:\github\bitcoinstats\include\rapidjson\internal\diyfp.h">
      <Filter>include\rapidjson\internal</Filter>
    </ClInclude>
    <ClInclude Include="D:\github\bitcoinstats\include\rapidjson\internal\dtoa.h">
      <Filter>include\rapidjson\internal</Filter>
    </ClInclude>
    <ClInclude Include="D:\github\bitcoinstats\include\rapidjson\internal\ieee754.h">
      <Filter>include\rapidjson\internal</Filter>
    </ClInclude>
    <ClInclude Include="D:\github\bitcoinstats\include\rapidjson\internal\itoa.h">
      <Filter>include\rapidjson\internal</Filter>
    </ClInclude>
    <ClInclude Include="D:\github\bitcoinstats\include\rapidjson\internal\meta.h">
      <Filter>include\rapidjson\internal</Filter>
    </ClInclude>
    <ClInclude Include="D:\github\bitcoinstats\include\rapidjson\internal\pow10.h">
      <Filter>include\rapidjson\internal</Filter>
    </ClInclude>
    <ClInclude Include="D:\github\bitcoinstats\include\rapidjson\internal\regex.h">
      <Filter>include\rapidjson\internal</Filter>
    </ClInclude>
    <ClInclude Include="D:\github\bitcoinstats\include\rapidjson\internal\stack.h">
      <Filter>include\rapidjson\internal</Filter>
    </ClInclude>
    <ClInclude Include="D:\github\bitcoinstats\include\rapidjson\internal\strfunc.h">
      <Filter>include\rapidjson\internal</Filter>
    </ClInclude>
    <ClInclude Include="D:\github\bitcoinstats\include\rapidjson\internal\strtod.h">
      <Filter>include\rapidjson\internal</Filter>
    </ClInclude>
    <ClInclude Include="D:\github\bitcoinstats\include\rapidjson\internal\swap.h">
      <Filter>include\rapidjson\internal</Filter>
    </ClInclude>
    <ClInclude Include="D:\github\bitcoinstats\include\rapidjson\istreamwrapper.h">
      <Filter>include\rapidjson</Filter>
    </ClInclude>
    <ClInclude Include="D:\github\bitcoinstats\include\rapidjson\memorybuffer.h">
      <Filter>include\rapidjson</Filter>
    </ClInclude>
    <ClInclude Include="D:\github\bitcoinstats\include\rapidjson\memorystream.h">
      <Filter>include\rapidjson</Filter>
    </ClInclude>
    <ClInclude Include="D:\github\bitcoinstats\include\rapidjson\msinttypes\inttypes.h">
      <Filter>include\rapidjson\msinttypes</Filter>
    </ClInclude>
    <ClInclude Include="D:\github\bitcoinstats\include\rapidjson\msinttypes\stdint.h">
      <Filter>include\rapidjson\msinttypes</Filter>
    </ClInclude>
    <ClInclude Include="D:\github\bitcoinstats\include\rapidjson\ostreamwrapper.h">
      <Filter>include\rapidjson</Filter>
    </ClInclude>
    <ClInclude Include="D:\github\bitcoinstats\include\rapidjson\pointer.h">
      <Filter>include\rapidjson</Filter>
    </ClInclude>
    <ClInclude Include="D:\github\bitcoinstats\include\rapidjson\prettywriter.h">
      <Filter>include\rapidjson</Filter>
    </ClInclude>
    <ClInclude Include="D:\github\bitcoinstats\include\rapidjson\rapidjson.h">
      <Filter>include\rapidjson</Filter>
    </ClInclude>
    <ClInclude Include="D:\github\bitcoinstats\include\rapidjson\reader.h">
      <Filter>include\rapidjson</Filter>
    </ClInclude>
    <ClInclude Include="D:\github\bitcoinstats\include\rapidjson\schema.h">
      <Filter>include\rapidjson</Filter>
    </ClInclude>
    <ClInclude Include="D:\github\bitcoinstats\include\rapidjson\stream.h">
      <Filter>include\rapidjson</Filter>
    </ClInclude>
    <ClInclude Include="D:\github\bitcoinstats\include\rapidjson\stringbuffer.h">
      <Filter>include\rapidjson</Filter>
    </ClInclude>
    <ClInclude Include="D:\github\bitcoinstats\include\rapidjson\writer.h">
      <Filter>include\rapidjson</Filter>
    </ClInclude>
    <ClInclude Include="D:\github\bitcoinstats\include\snappy\snappy-stubs-public.h">
      <Filter>include\snappy</Filter>
    </ClInclude>
    <ClInclude Include="D:\github\bitcoinstats\include\snappy\snappy.h">
      <Filter>include\snappy</Filter>
    </ClInclude>
    <ClInclude Include="D:\github\bitcoinstats\include\sutil.h">
      <Filter>include</Filter>
    </ClInclude>
    <ClInclude Include="D:\github\bitcoinstats\include\wplatform.h">
      <Filter>include</Filter>
    </ClInclude>
    <ClInclude Include="D:\github\bitcoinstats\src\leveldb\db\builder.h">
      <Filter>src\leveldb\db</Filter>
    </ClInclude>
    <ClInclude Include="D:\github\bitcoinstats\src\leveldb\db\db_impl.h">
      <Filter>src\leveldb\db</Filter>
    </ClInclude>
    <ClInclude Include="D:\github\bitcoinstats\src\leveldb\db\db_iter.h">
      <Filter>src\leveldb\db</Filter>
    </ClInclude>
    <ClInclude Include="D:\github\bitcoinstats\src\leveldb\db\dbformat.h">
      <Filter>src\leveldb\db</Filter>
    </ClInclude>
    <ClInclude Include="D:\github\bitcoinstats\src\leveldb\db\filename.h">
      <Filter>src\leveldb\db</Filter>
    </ClInclude>
    <ClInclude Include="D:\github\bitcoinstats\src\leveldb\db\log_format.h">
      <Filter>src\leveldb\db</Filter>
    </ClInclude>
    <ClInclude Include="D:\github\bitcoinstats\src\leveldb\db\log_reader.h">
      <Filter>src\leveldb\db</Filter>
    </ClInclude>
    <ClInclude Include="D:\github\bitcoinstats\src\leveldb\db\log_writer.h">
      <Filter>src\leveldb\db</Filter>
    </ClInclude>
    <ClInclude Include="D:\github\bitcoinstats\src\leveldb\db\memtable.h">
      <Filter>src\leveldb\db</Filter>
    </ClInclude>
    <ClInclude Include="D:\github\bitcoinstats\src\leveldb\db\skiplist.h">
      <Filter>src\leveldb\db</Filter>
    </ClInclude>
    <ClInclude Include="D:\github\bitcoinstats\src\leveldb\db\snapshot.h">
      <Filter>src\leveldb\db</Filter>
    </ClInclude>
    <ClInclude Include="D:\github\bitcoinstats\src\leveldb\db\table_cache.h">
      <Filter>src\leveldb\db</Filter>
    </ClInclude>
    <ClInclude Include="D:\github\bitcoinstats\src\leveldb\db\version_edit.h">
      <Filter>src\leveldb\db</Filter>
    </ClInclude>
    <ClInclude Include="D:\github\bitcoinstats\src\leveldb\db\version_set.h">
      <Filter>src\leveldb\db</Filter>
    </ClInclude>
    <ClInclude Include="D:\github\bitcoinstats\src\leveldb\db\write_batch_internal.h">
      <Filter>src\leveldb\db</Filter>
    </ClInclude>
    <ClInclude Include="D:\github\bitcoinstats\src\leveldb\port\port.h">
      <Filter>src\leveldb\port</Filter>
    </ClInclude>
    <ClInclude Include="D:\github\bitcoinstats\src\leveldb\port\port_stdcxx.h">
      <Filter>src\leveldb\port</Filter>
    </ClInclude>
    <ClInclude Include="D:\github\bitcoinstats\src\leveldb\port\thread_annotations.h">
      <Filter>src\leveldb\port</Filter>
    </ClInclude>
    <ClInclude Include="D:\github\bitcoinstats\src\leveldb\table\block.h">
      <Filter>src\leveldb\table</Filter>
    </ClInclude>
    <ClInclude Include="D:\github\bitcoinstats\src\leveldb\table\block_builder.h">
      <Filter>src\leveldb\table</Filter>
    </ClInclude>
    <ClInclude Include="D:\github\bitcoinstats\src\leveldb\table\filter_block.h">
      <Filter>src\leveldb\table</Filter>
    </ClInclude>
    <ClInclude Include="D:\github\bitcoinstats\src\leveldb\table\format.h">
      <Filter>src\leveldb\table</Filter>
    </ClInclude>
    <ClInclude Include="D:\github\bitcoinstats\src\leveldb\table\iterator_wrapper.h">
      <Filter>src\leveldb\table</Filter>
    </ClInclude>
    <ClInclude Include="D:\github\bitcoinstats\src\leveldb\table\merger.h">
      <Filter>src\leveldb\table</Filter>
    </ClInclude>
    <ClInclude Include="D:\github\bitcoinstats\src\leveldb\table\two_level_iterator.h">
      <Filter>src\leveldb\table</Filter>
    </ClInclude>
    <ClInclude Include="D:\github\bitcoinstats\src\leveldb\util\arena.h">
      <Filter>src\leveldb\util</Filter>
    </ClInclude>
    <ClInclude Include="D:\github\bitcoinstats\src\leveldb\util\coding.h">
      <Filter>src\leveldb\util</Filter>
    </ClInclude>
    <ClInclude Include="D:\github\bitcoinstats\src\leveldb\util\crc32c.h">
      <Filter>src\leveldb\util</Filter>
    </ClInclude>
    <ClInclude Include="D:\github\bitcoinstats\src\leveldb\util\env_windows_test_helper.h">
      <Filter>src\leveldb\util</Filter>
    </ClInclude>
    <ClInclude Include="D:\github\bitcoinstats\src\leveldb\util\hash.h">
      <Filter>src\leveldb\util</Filter>
    </ClInclude>
    <ClInclude Include="D:\github\bitcoinstats\src\leveldb\util\logging.h">
      <Filter>src\leveldb\util</Filter>
    </ClInclude>
    <ClInclude Include="D:\github\bitcoinstats\src\leveldb\util\mutexlock.h">
      <Filter>src\leveldb\util</Filter>
    </ClInclude>
    <ClInclude Include="D:\github\bitcoinstats\src\leveldb\util\no_destructor.h">
      <Filter>src\leveldb\util</Filter>
    </ClInclude>
    <ClInclude Include="D:\github\bitcoinstats\src\leveldb\util\random.h">
      <Filter>src\leveldb\util</Filter>
    </ClInclude>
    <ClInclude Include="D:\github\bitcoinstats\src\leveldb\util\windows_logger.h">
      <Filter>src\leveldb\util</Filter>
    </ClInclude>
    <ClInclude Include="D:\github\bitcoinstats\src\snappy\config.h">
      <Filter>src\snappy</Filter>
    </ClInclude>
    <ClInclude Include="D:\github\bitcoinstats\src\snappy\snappy-internal.h">
      <Filter>src\snappy</Filter>
    </ClInclude>
    <ClInclude Include="D:\github\bitcoinstats\src\snappy\snappy-stubs-internal.h">
      <Filter>src\snappy</Filter>
    </ClInclude>
  </ItemGroup>
  <ItemGroup>
    <CustomBuild Include="D:\github\bitcoinstats\CMakeLists.txt" />
  </ItemGroup>
  <ItemGroup>
    <Filter Include="app">
      <UniqueIdentifier>{BADC5403-911B-3AFE-BB6A-8786DF7E4ECA}</UniqueIdentifier>
    </Filter>
    <Filter Include="include">
      <UniqueIdentifier>{C74438AC-9C29-36FE-9E51-D0F7012EFB4F}</UniqueIdentifier>
    </Filter>
    <Filter Include="include\leveldb">
      <UniqueIdentifier>{8341EE75-C995-363B-95F0-BD1FF750AD19}</UniqueIdentifier>
    </Filter>
    <Filter Include="include\rapidjson">
      <UniqueIdentifier>{3DA49B8B-07AD-3B8C-B1AB-0B0CA6F2DBDD}</UniqueIdentifier>
    </Filter>
    <Filter Include="include\rapidjson\error">
      <UniqueIdentifier>{200D267E-659B-305B-A9C3-F3F968F767D8}</UniqueIdentifier>
    </Filter>
    <Filter Include="include\rapidjson\internal">
      <UniqueIdentifier>{7E4C1CDA-1535-38D6-A49B-55F50D40B72B}</UniqueIdentifier>
    </Filter>
    <Filter Include="include\rapidjson\msinttypes">
      <UniqueIdentifier>{02F428EE-2439-382E-9CA4-B87856337A14}</UniqueIdentifier>
    </Filter>
    <Filter Include="include\snappy">
      <UniqueIdentifier>{CF92F3DA-9D52-3DF3-9B92-C29F78D0A638}</UniqueIdentifier>
    </Filter>
    <Filter Include="src">
      <UniqueIdentifier>{D54A0413-2F7B-3F1F-A665-DAE7F4DB13AF}</UniqueIdentifier>
    </Filter>
    <Filter Include="src\leveldb">
      <UniqueIdentifier>{D78C2BA0-1DB0-3D24-AC4D-D6AA23EF260A}</UniqueIdentifier>
    </Filter>
    <Filter Include="src\leveldb\db">
      <UniqueIdentifier>{6495DD2B-FCAD-3D3E-B5AC-AC67475F60A1}</UniqueIdentifier>
    </Filter>
    <Filter Include="src\leveldb\port">
      <UniqueIdentifier>{8B08B60E-60D9-3916-9366-66B37D2B9D7F}</UniqueIdentifier>
    </Filter>
    <Filter Include="src\leveldb\table">
      <UniqueIdentifier>{D061C1EB-DE8B-3174-8ED5-8DB565BA6F74}</UniqueIdentifier>
    </Filter>
    <Filter Include="src\leveldb\util">
      <UniqueIdentifier>{981D344F-1404-330C-BD81-D58A90B65A33}</UniqueIdentifier>
    </Filter>
    <Filter Include="src\snappy">
      <UniqueIdentifier>{148438DA-1E75-39BD-A04F-39AF6B89D4FA}</UniqueIdentifier>
    </Filter>
  </ItemGroup>
</Project>
